schemaVersion: 1
resolvedAt: 2026-09-21T00:00:00Z
architecture: amd64
services:
  jellyfin:
    version: 10.11.11
    image: jellyfin/jellyfin:10.11.11@sha256:aefb67e6a7ff1debdd154a78a7bbb780fd0c873d8639210a7f6a2016ad2b35db
  seerr:
    version: 3.4.1
    image: ghcr.io/seerr-team/seerr:v3.4.1@sha256:f4768de5f616248d723e05891f3345a1402123775d03bf0890dbfedc0831bda1
  radarr:
    version: 6.4.4.10685
    image: lscr.io/linuxserver/radarr:version-6.4.4.10685@sha256:adb6c09d6b729ea5e642c99cea35af72702ef476bf4763f153299ac5db9f0b4f
  sonarr:
    version: 4.0.20.3014
    image: lscr.io/linuxserver/sonarr:version-4.0.20.3014@sha256:a5c1a5fecbef946927ab90ad68df319ac5fe644057e5fc18cd993f01ac07b2b2
  prowlarr:
    version: 2.6.5.5623
    image: lscr.io/linuxserver/prowlarr:version-2.6.5.5623@sha256:c96b56d94d116a9f4de94bc23d3381689492e6c3cfb7435320e8d982e406f99a
  bazarr:
    version: 1.6.1
    image: lscr.io/linuxserver/bazarr:version-v1.6.1@sha256:d24bd0048c759a468970989e9df11a6b96a7628d556d00f923e60a35ba59237b
  sabnzbd:
    version: 5.1.3
    image: lscr.io/linuxserver/sabnzbd:version-5.1.3@sha256:948ea3dc45d68943ec14b33ba37ffa1488da3e9837bf3ca0f75621e971614d85
  qbittorrent:
    version: 5.2.3
    image: lscr.io/linuxserver/qbittorrent:5.2.3_v2.0.14-ls477@sha256:457e4eec2ee3f5e4ef59f237ad51f6143deba9f7445ab48bb5204a98888ef9aa
  gluetun:
    version: 3.41.3
    image: qmcgaw/gluetun:v3.41.3@sha256:fa19cc76b2af13d57a8d3dc3066f2ada061b1c761b8aecf989b3877c0486e027
  recyclarr:
    version: 8.7.2
    image: ghcr.io/recyclarr/recyclarr:8.7.2@sha256:6e69e009e1cd7493ff6093e8e187b5d3788c75b4a2c0c5127b6a1beda1c19728
  audiobookshelf:
    version: 2.36.1
    image: ghcr.io/advplyr/audiobookshelf:2.36.1@sha256:3528a93b6442ffe54bd46771bbbab7c97084e1101071586d9dc2254f30bb4358
  shelfmark:
    version: 1.3.15
    image: ghcr.io/calibrain/shelfmark:v1.3.15@sha256:9602290324993c801b319d3166b202b96bd9039af2416f0916dae03a5bdca815
